// !$*UTF8*$!
{
	archiveVersion = 1;
	classes = {
	};
	objectVersion = 56;
	objects = {

/* Begin PBXBuildFile section */
		0153EA8829809DF000F8401E /* AppDelegate.swift in Sources */ = {isa = PBXBuildFile; fileRef = 0153EA8729809DF000F8401E /* AppDelegate.swift */; };
		0153EA8A29809DF000F8401E /* SceneDelegate.swift in Sources */ = {isa = PBXBuildFile; fileRef = 0153EA8929809DF000F8401E /* SceneDelegate.swift */; };
		0153EA8C29809DF000F8401E /* NoteViewController.swift in Sources */ = {isa = PBXBuildFile; fileRef = 0153EA8B29809DF000F8401E /* NoteViewController.swift */; };
		0153EA8F29809DF000F8401E /* Main.storyboard in Resources */ = {isa = PBXBuildFile; fileRef = 0153EA8D29809DF000F8401E /* Main.storyboard */; };
		0153EA9129809DF100F8401E /* Assets.xcassets in Resources */ = {isa = PBXBuildFile; fileRef = 0153EA9029809DF100F8401E /* Assets.xcassets */; };
		0153EA9429809DF100F8401E /* LaunchScreen.storyboard in Resources */ = {isa = PBXBuildFile; fileRef = 0153EA9229809DF100F8401E /* LaunchScreen.storyboard */; };
		0153EA9F29809DF100F8401E /* NoteTests.swift in Sources */ = {isa = PBXBuildFile; fileRef = 0153EA9E29809DF100F8401E /* NoteTests.swift */; };
		0153EAA929809DF100F8401E /* NoteUITests.swift in Sources */ = {isa = PBXBuildFile; fileRef = 0153EAA829809DF100F8401E /* NoteUITests.swift */; };
		0153EAAB29809DF100F8401E /* NoteUITestsLaunchTests.swift in Sources */ = {isa = PBXBuildFile; fileRef = 0153EAAA29809DF100F8401E /* NoteUITestsLaunchTests.swift */; };
/* End PBXBuildFile section */

/* Begin PBXContainerItemProxy section */
		0153EA9B29809DF100F8401E /* PBXContainerItemProxy */ = {
			isa = PBXContainerItemProxy;
			containerPortal = 0153EA7C29809DF000F8401E /* Project object */;
			proxyType = 1;
			remoteGlobalIDString = 0153EA8329809DF000F8401E;
			remoteInfo = Note;
		};
		0153EAA529809DF100F8401E /* PBXContainerItemProxy */ = {
			isa = PBXContainerItemProxy;
			containerPortal = 0153EA7C29809DF000F8401E /* Project object */;
			proxyType = 1;
			remoteGlobalIDString = 0153EA8329809DF000F8401E;
			remoteInfo = Note;
		};
/* End PBXContainerItemProxy section */

/* Begin PBXFileReference section */
		0153EA8429809DF000F8401E /* Note.app */ = {isa = PBXFileReference; explicitFileType = wrapper.application; includeInIndex = 0; path = Note.app; sourceTree = BUILT_PRODUCTS_DIR; };
		0153EA8729809DF000F8401E /* AppDelegate.swift */ = {isa = PBXFileReference; lastKnownFileType = sourcecode.swift; path = AppDelegate.swift; sourceTree = "<group>"; };
		0153EA8929809DF000F8401E /* SceneDelegate.swift */ = {isa = PBXFileReference; lastKnownFileType = sourcecode.swift; path = SceneDelegate.swift; sourceTree = "<group>"; };
		0153EA8B29809DF000F8401E /* NoteViewController.swift */ = {isa = PBXFileReference; lastKnownFileType = sourcecode.swift; path = NoteViewController.swift; sourceTree = "<group>"; };
		0153EA8E29809DF000F8401E /* Base */ = {isa = PBXFileReference; lastKnownFileType = file.storyboard; name = Base; path = Base.lproj/Main.storyboard; sourceTree = "<group>"; };
		0153EA9029809DF100F8401E /* Assets.xcassets */ = {isa = PBXFileReference; lastKnownFileType = folder.assetcatalog; path = Assets.xcassets; sourceTree = "<group>"; };
		0153EA9329809DF100F8401E /* Base */ = {isa = PBXFileReference; lastKnownFileType = file.storyboard; name = Base; path = Base.lproj/LaunchScreen.storyboard; sourceTree = "<group>"; };
		0153EA9529809DF100F8401E /* Info.plist */ = {isa = PBXFileReference; lastKnownFileType = text.plist.xml; path = Info.plist; sourceTree = "<group>"; };
		0153EA9A29809DF100F8401E /* NoteTests.xctest */ = {isa = PBXFileReference; explicitFileType = wrapper.cfbundle; includeInIndex = 0; path = NoteTests.xctest; sourceTree = BUILT_PRODUCTS_DIR; };
		0153EA9E29809DF100F8401E /* NoteTests.swift */ = {isa = PBXFileReference; lastKnownFileType = sourcecode.swift; path = NoteTests.swift; sourceTree = "<group>"; };
		0153EAA429809DF100F8401E /* NoteUITests.xctest */ = {isa = PBXFileReference; explicitFileType = wrapper.cfbundle; includeInIndex = 0; path = NoteUITests.xctest; sourceTree = BUILT_PRODUCTS_DIR; };
		0153EAA829809DF100F8401E /* NoteUITests.swift */ = {isa = PBXFileReference; lastKnownFileType = sourcecode.swift; path = NoteUITests.swift; sourceTree = "<group>"; };
		0153EAAA29809DF100F8401E /* NoteUITestsLaunchTests.swift */ = {isa = PBXFileReference; lastKnownFileType = sourcecode.swift; path = NoteUITestsLaunchTests.swift; sourceTree = "<group>"; };
/* End PBXFileReference section */

/* Begin PBXFrameworksBuildPhase section */
		0153EA8129809DF000F8401E /* Frameworks */ = {
			isa = PBXFrameworksBuildPhase;
			buildActionMask = 2147483647;
			files = (
			);
			runOnlyForDeploymentPostprocessing = 0;
		};
		0153EA9729809DF100F8401E /* Frameworks */ = {
			isa = PBXFrameworksBuildPhase;
			buildActionMask = 2147483647;
			files = (
			);
			runOnlyForDeploymentPostprocessing = 0;
		};
		0153EAA129809DF100F8401E /* Frameworks */ = {
			isa = PBXFrameworksBuildPhase;
			buildActionMask = 2147483647;
			files = (
			);
			runOnlyForDeploymentPostprocessing = 0;
		};
/* End PBXFrameworksBuildPhase section */

/* Begin PBXGroup section */
		0153EA7B29809DF000F8401E = {
			isa = PBXGroup;
			children = (
				0153EA8629809DF000F8401E /* Note */,
				0153EA9D29809DF100F8401E /* NoteTests */,
				0153EAA729809DF100F8401E /* NoteUITests */,
				0153EA8529809DF000F8401E /* Products */,
			);
			sourceTree = "<group>";
		};
		0153EA8529809DF000F8401E /* Products */ = {
			isa = PBXGroup;
			children = (
				0153EA8429809DF000F8401E /* Note.app */,
				0153EA9A29809DF100F8401E /* NoteTests.xctest */,
				0153EAA429809DF100F8401E /* NoteUITests.xctest */,
			);
			name = Products;
			sourceTree = "<group>";
		};
		0153EA8629809DF000F8401E /* Note */ = {
			isa = PBXGroup;
			children = (
				0153EA8729809DF000F8401E /* AppDelegate.swift */,
				0153EA8929809DF000F8401E /* SceneDelegate.swift */,
				0153EA8B29809DF000F8401E /* NoteViewController.swift */,
				0153EA8D29809DF000F8401E /* Main.storyboard */,
				0153EA9029809DF100F8401E /* Assets.xcassets */,
				0153EA9229809DF100F8401E /* LaunchScreen.storyboard */,
				0153EA9529809DF100F8401E /* Info.plist */,
			);
			path = Note;
			sourceTree = "<group>";
		};
		0153EA9D29809DF100F8401E /* NoteTests */ = {
			isa = PBXGroup;
			children = (
				0153EA9E29809DF100F8401E /* NoteTests.swift */,
			);
			path = NoteTests;
			sourceTree = "<group>";
		};
		0153EAA729809DF100F8401E /* NoteUITests */ = {
			isa = PBXGroup;
			children = (
				0153EAA829809DF100F8401E /* NoteUITests.swift */,
				0153EAAA29809DF100F8401E /* NoteUITestsLaunchTests.swift */,
			);
			path = NoteUITests;
			sourceTree = "<group>";
		};
/* End PBXGroup section */

/* Begin PBXNativeTarget section */
		0153EA8329809DF000F8401E /* Note */ = {
			isa = PBXNativeTarget;
			buildConfigurationList = 0153EAAE29809DF100F8401E /* Build configuration list for PBXNativeTarget "Note" */;
			buildPhases = (
				0153EA8029809DF000F8401E /* Sources */,
				0153EA8129809DF000F8401E /* Frameworks */,
				0153EA8229809DF000F8401E /* Resources */,
			);
			buildRules = (
			);
			dependencies = (
			);
			name = Note;
			productName = Note;
			productReference = 0153EA8429809DF000F8401E /* Note.app */;
			productType = "com.apple.product-type.application";
		};
		0153EA9929809DF100F8401E /* NoteTests */ = {
			isa = PBXNativeTarget;
			buildConfigurationList = 0153EAB129809DF100F8401E /* Build configuration list for PBXNativeTarget "NoteTests" */;
			buildPhases = (
				0153EA9629809DF100F8401E /* Sources */,
				0153EA9729809DF100F8401E /* Frameworks */,
				0153EA9829809DF100F8401E /* Resources */,
			);
			buildRules = (
			);
			dependencies = (
				0153EA9C29809DF100F8401E /* PBXTargetDependency */,
			);
			name = NoteTests;
			productName = NoteTests;
			productReference = 0153EA9A29809DF100F8401E /* NoteTests.xctest */;
			productType = "com.apple.product-type.bundle.unit-test";
		};
		0153EAA329809DF100F8401E /* NoteUITests */ = {
			isa = PBXNativeTarget;
			buildConfigurationList = 0153EAB429809DF100F8401E /* Build configuration list for PBXNativeTarget "NoteUITests" */;
			buildPhases = (
				0153EAA029809DF100F8401E /* Sources */,
				0153EAA129809DF100F8401E /* Frameworks */,
				0153EAA229809DF100F8401E /* Resources */,
			);
			buildRules = (
			);
			dependencies = (
				0153EAA629809DF100F8401E /* PBXTargetDependency */,
			);
			name = NoteUITests;
			productName = NoteUITests;
			productReference = 0153EAA429809DF100F8401E /* NoteUITests.xctest */;
			productType = "com.apple.product-type.bundle.ui-testing";
		};
/* End PBXNativeTarget section */

/* Begin PBXProject section */
		0153EA7C29809DF000F8401E /* Project object */ = {
			isa = PBXProject;
			attributes = {
				BuildIndependentTargetsInParallel = 1;
				LastSwiftUpdateCheck = 1420;
				LastUpgradeCheck = 1420;
				TargetAttributes = {
					0153EA8329809DF000F8401E = {
						CreatedOnToolsVersion = 14.2;
					};
					0153EA9929809DF100F8401E = {
						CreatedOnToolsVersion = 14.2;
						TestTargetID = 0153EA8329809DF000F8401E;
					};
					0153EAA329809DF100F8401E = {
						CreatedOnToolsVersion = 14.2;
						TestTargetID = 0153EA8329809DF000F8401E;
					};
				};
			};
			buildConfigurationList = 0153EA7F29809DF000F8401E /* Build configuration list for PBXProject "Note" */;
			compatibilityVersion = "Xcode 14.0";
			developmentRegion = en;
			hasScannedForEncodings = 0;
			knownRegions = (
				en,
				Base,
			);
			mainGroup = 0153EA7B29809DF000F8401E;
			productRefGroup = 0153EA8529809DF000F8401E /* Products */;
			projectDirPath = "";
			projectRoot = "";
			targets = (
				0153EA8329809DF000F8401E /* Note */,
				0153EA9929809DF100F8401E /* NoteTests */,
				0153EAA329809DF100F8401E /* NoteUITests */,
			);
		};
/* End PBXProject section */

/* Begin PBXResourcesBuildPhase section */
		0153EA8229809DF000F8401E /* Resources */ = {
			isa = PBXResourcesBuildPhase;
			buildActionMask = 2147483647;
			files = (
				0153EA9429809DF100F8401E /* LaunchScreen.storyboard in Resources */,
				0153EA9129809DF100F8401E /* Assets.xcassets in Resources */,
				0153EA8F29809DF000F8401E /* Main.storyboard in Resources */,
			);
			runOnlyForDeploymentPostprocessing = 0;
		};
		0153EA9829809DF100F8401E /* Resources */ = {
			isa = PBXResourcesBuildPhase;
			buildActionMask = 2147483647;
			files = (
			);
			runOnlyForDeploymentPostprocessing = 0;
		};
		0153EAA229809DF100F8401E /* Resources */ = {
			isa = PBXResourcesBuildPhase;
			buildActionMask = 2147483647;
			files = (
			);
			runOnlyForDeploymentPostprocessing = 0;
		};
/* End PBXResourcesBuildPhase section */

/* Begin PBXSourcesBuildPhase section */
		0153EA8029809DF000F8401E /* Sources */ = {
			isa = PBXSourcesBuildPhase;
			buildActionMask = 2147483647;
			files = (
				0153EA8C29809DF000F8401E /* NoteViewController.swift in Sources */,
				0153EA8829809DF000F8401E /* AppDelegate.swift in Sources */,
				0153EA8A29809DF000F8401E /* SceneDelegate.swift in Sources */,
			);
			runOnlyForDeploymentPostprocessing = 0;
		};
		0153EA9629809DF100F8401E /* Sources */ = {
			isa = PBXSourcesBuildPhase;
			buildActionMask = 2147483647;
			files = (
				0153EA9F29809DF100F8401E /* NoteTests.swift in Sources */,
			);
			runOnlyForDeploymentPostprocessing = 0;
		};
		0153EAA029809DF100F8401E /* Sources */ = {
			isa = PBXSourcesBuildPhase;
			buildActionMask = 2147483647;
			files = (
				0153EAAB29809DF100F8401E /* NoteUITestsLaunchTests.swift in Sources */,
				0153EAA929809DF100F8401E /* NoteUITests.swift in Sources */,
			);
			runOnlyForDeploymentPostprocessing = 0;
		};
/* End PBXSourcesBuildPhase section */

/* Begin PBXTargetDependency section */
		0153EA9C29809DF100F8401E /* PBXTargetDependency */ = {
			isa = PBXTargetDependency;
			target = 0153EA8329809DF000F8401E /* Note */;
			targetProxy = 0153EA9B29809DF100F8401E /* PBXContainerItemProxy */;
		};
		0153EAA629809DF100F8401E /* PBXTargetDependency */ = {
			isa = PBXTargetDependency;
			target = 0153EA8329809DF000F8401E /* Note */;
			targetProxy = 0153EAA529809DF100F8401E /* PBXContainerItemProxy */;
		};
/* End PBXTargetDependency section */

/* Begin PBXVariantGroup section */
		0153EA8D29809DF000F8401E /* Main.storyboard */ = {
			isa = PBXVariantGroup;
			children = (
				0153EA8E29809DF000F8401E /* Base */,
			);
			name = Main.storyboard;
			sourceTree = "<group>";
		};
		0153EA9229809DF100F8401E /* LaunchScreen.storyboard */ = {
			isa = PBXVariantGroup;
			children = (
				0153EA9329809DF100F8401E /* Base */,
			);
			name = LaunchScreen.storyboard;
			sourceTree = "<group>";
		};
/* End PBXVariantGroup section */

/* Begin XCBuildConfiguration section */
		0153EAAC29809DF100F8401E /* Debug */ = {
			isa = XCBuildConfiguration;
			buildSettings = {
				ALWAYS_SEARCH_USER_PATHS = NO;
				CLANG_ANALYZER_NONNULL = YES;
				CLANG_ANALYZER_NUMBER_OBJECT_CONVERSION = YES_AGGRESSIVE;
				CLANG_CXX_LANGUAGE_STANDARD = "gnu++20";
				CLANG_ENABLE_MODULES = YES;
				CLANG_ENABLE_OBJC_ARC = YES;
				CLANG_ENABLE_OBJC_WEAK = YES;
				CLANG_WARN_BLOCK_CAPTURE_AUTORELEASING = YES;
				CLANG_WARN_BOOL_CONVERSION = YES;
				CLANG_WARN_COMMA = YES;
				CLANG_WARN_CONSTANT_CONVERSION = YES;
				CLANG_WARN_DEPRECATED_OBJC_IMPLEMENTATIONS = YES;
				CLANG_WARN_DIRECT_OBJC_ISA_USAGE = YES_ERROR;
				CLANG_WARN_DOCUMENTATION_COMMENTS = YES;
				CLANG_WARN_EMPTY_BODY = YES;
				CLANG_WARN_ENUM_CONVERSION = YES;
				CLANG_WARN_INFINITE_RECURSION = YES;
				CLANG_WARN_INT_CONVERSION = YES;
				CLANG_WARN_NON_LITERAL_NULL_CONVERSION = YES;
				CLANG_WARN_OBJC_IMPLICIT_RETAIN_SELF = YES;
				CLANG_WARN_OBJC_LITERAL_CONVERSION = YES;
				CLANG_WARN_OBJC_ROOT_CLASS = YES_ERROR;
				CLANG_WARN_QUOTED_INCLUDE_IN_FRAMEWORK_HEADER = YES;
				CLANG_WARN_RANGE_LOOP_ANALYSIS = YES;
				CLANG_WARN_STRICT_PROTOTYPES = YES;
				CLANG_WARN_SUSPICIOUS_MOVE = YES;
				CLANG_WARN_UNGUARDED_AVAILABILITY = YES_AGGRESSIVE;
				CLANG_WARN_UNREACHABLE_CODE = YES;
				CLANG_WARN__DUPLICATE_METHOD_MATCH = YES;
				COPY_PHASE_STRIP = NO;
				DEBUG_INFORMATION_FORMAT = dwarf;
				ENABLE_STRICT_OBJC_MSGSEND = YES;
				ENABLE_TESTABILITY = YES;
				GCC_C_LANGUAGE_STANDARD = gnu11;
				GCC_DYNAMIC_NO_PIC = NO;
				GCC_NO_COMMON_BLOCKS = YES;
				GCC_OPTIMIZATION_LEVEL = 0;
				GCC_PREPROCESSOR_DEFINITIONS = (
					"DEBUG=1",
					"$(inherited)",
				);
				GCC_WARN_64_TO_32_BIT_CONVERSION = YES;
				GCC_WARN_ABOUT_RETURN_TYPE = YES_ERROR;
				GCC_WARN_UNDECLARED_SELECTOR = YES;
				GCC_WARN_UNINITIALIZED_AUTOS = YES_AGGRESSIVE;
				GCC_WARN_UNUSED_FUNCTION = YES;
				GCC_WARN_UNUSED_VARIABLE = YES;
				IPHONEOS_DEPLOYMENT_TARGET = 16.2;
				MTL_ENABLE_DEBUG_INFO = INCLUDE_SOURCE;
				MTL_FAST_MATH = YES;
				ONLY_ACTIVE_ARCH = YES;
				SDKROOT = iphoneos;
				SWIFT_ACTIVE_COMPILATION_CONDITIONS = DEBUG;
				SWIFT_OPTIMIZATION_LEVEL = "-Onone";
			};
			name = Debug;
		};
		0153EAAD29809DF100F8401E /* Release */ = {
			isa = XCBuildConfiguration;
			buildSettings = {
				ALWAYS_SEARCH_USER_PATHS = NO;
				CLANG_ANALYZER_NONNULL = YES;
				CLANG_ANALYZER_NUMBER_OBJECT_CONVERSION = YES_AGGRESSIVE;
				CLANG_CXX_LANGUAGE_STANDARD = "gnu++20";
				CLANG_ENABLE_MODULES = YES;
				CLANG_ENABLE_OBJC_ARC = YES;
				CLANG_ENABLE_OBJC_WEAK = YES;
				CLANG_WARN_BLOCK_CAPTURE_AUTORELEASING = YES;
				CLANG_WARN_BOOL_CONVERSION = YES;
				CLANG_WARN_COMMA = YES;
				CLANG_WARN_CONSTANT_CONVERSION = YES;
				CLANG_WARN_DEPRECATED_OBJC_IMPLEMENTATIONS = YES;
				CLANG_WARN_DIRECT_OBJC_ISA_USAGE = YES_ERROR;
				CLANG_WARN_DOCUMENTATION_COMMENTS = YES;
				CLANG_WARN_EMPTY_BODY = YES;
				CLANG_WARN_ENUM_CONVERSION = YES;
				CLANG_WARN_INFINITE_RECURSION = YES;
				CLANG_WARN_INT_CONVERSION = YES;
				CLANG_WARN_NON_LITERAL_NULL_CONVERSION = YES;
				CLANG_WARN_OBJC_IMPLICIT_RETAIN_SELF = YES;
				CLANG_WARN_OBJC_LITERAL_CONVERSION = YES;
				CLANG_WARN_OBJC_ROOT_CLASS = YES_ERROR;
				CLANG_WARN_QUOTED_INCLUDE_IN_FRAMEWORK_HEADER = YES;
				CLANG_WARN_RANGE_LOOP_ANALYSIS = YES;
				CLANG_WARN_STRICT_PROTOTYPES = YES;
				CLANG_WARN_SUSPICIOUS_MOVE = YES;
				CLANG_WARN_UNGUARDED_AVAILABILITY = YES_AGGRESSIVE;
				CLANG_WARN_UNREACHABLE_CODE = YES;
				CLANG_WARN__DUPLICATE_METHOD_MATCH = YES;
				COPY_PHASE_STRIP = NO;
				DEBUG_INFORMATION_FORMAT = "dwarf-with-dsym";
				ENABLE_NS_ASSERTIONS = NO;
				ENABLE_STRICT_OBJC_MSGSEND = YES;
				GCC_C_LANGUAGE_STANDARD = gnu11;
				GCC_NO_COMMON_BLOCKS = YES;
				GCC_WARN_64_TO_32_BIT_CONVERSION = YES;
				GCC_WARN_ABOUT_RETURN_TYPE = YES_ERROR;
				GCC_WARN_UNDECLARED_SELECTOR = YES;
				GCC_WARN_UNINITIALIZED_AUTOS = YES_AGGRESSIVE;
				GCC_WARN_UNUSED_FUNCTION = YES;
				GCC_WARN_UNUSED_VARIABLE = YES;
				IPHONEOS_DEPLOYMENT_TARGET = 16.2;
				MTL_ENABLE_DEBUG_INFO = NO;
				MTL_FAST_MATH = YES;
				SDKROOT = iphoneos;
				SWIFT_COMPILATION_MODE = wholemodule;
				SWIFT_OPTIMIZATION_LEVEL = "-O";
				VALIDATE_PRODUCT = YES;
			};
			name = Release;
		};
		0153EAAF29809DF100F8401E /* Debug */ = {
			isa = XCBuildConfiguration;
			buildSettings = {
				ASSETCATALOG_COMPILER_APPICON_NAME = AppIcon;
				ASSETCATALOG_COMPILER_GLOBAL_ACCENT_COLOR_NAME = AccentColor;
				CODE_SIGN_STYLE = Automatic;
				CURRENT_PROJECT_VERSION = 1;
				DEVELOPMENT_TEAM = CJ768N4Q8T;
				GENERATE_INFOPLIST_FILE = YES;
				INFOPLIST_FILE = Note/Info.plist;
				INFOPLIST_KEY_UIApplicationSupportsIndirectInputEvents = YES;
				INFOPLIST_KEY_UILaunchStoryboardName = LaunchScreen;
				INFOPLIST_KEY_UIMainStoryboardFile = Main;
				INFOPLIST_KEY_UISupportedInterfaceOrientations_iPad = "UIInterfaceOrientationPortrait UIInterfaceOrientationPortraitUpsideDown UIInterfaceOrientationLandscapeLeft UIInterfaceOrientationLandscapeRight";
				INFOPLIST_KEY_UISupportedInterfaceOrientations_iPhone = "UIInterfaceOrientationPortrait UIInterfaceOrientationLandscapeLeft UIInterfaceOrientationLandscapeRight";
				LD_RUNPATH_SEARCH_PATHS = (
					"$(inherited)",
					"@executable_path/Frameworks",
				);
				MARKETING_VERSION = 1.0;
				PRODUCT_BUNDLE_IDENTIFIER = com.AlexJun.Note;
				PRODUCT_NAME = "$(TARGET_NAME)";
				SWIFT_EMIT_LOC_STRINGS = YES;
				SWIFT_VERSION = 5.0;
				TARGETED_DEVICE_FAMILY = "1,2";
			};
			name = Debug;
		};
		0153EAB029809DF100F8401E /* Release */ = {
			isa = XCBuildConfiguration;
			buildSettings = {
				ASSETCATALOG_COMPILER_APPICON_NAME = AppIcon;
				ASSETCATALOG_COMPILER_GLOBAL_ACCENT_COLOR_NAME = AccentColor;
				CODE_SIGN_STYLE = Automatic;
				CURRENT_PROJECT_VERSION = 1;
				DEVELOPMENT_TEAM = CJ768N4Q8T;
				GENERATE_INFOPLIST_FILE = YES;
				INFOPLIST_FILE = Note/Info.plist;
				INFOPLIST_KEY_UIApplicationSupportsIndirectInputEvents = YES;
				INFOPLIST_KEY_UILaunchStoryboardName = LaunchScreen;
				INFOPLIST_KEY_UIMainStoryboardFile = Main;
				INFOPLIST_KEY_UISupportedInterfaceOrientations_iPad = "UIInterfaceOrientationPortrait UIInterfaceOrientationPortraitUpsideDown UIInterfaceOrientationLandscapeLeft UIInterfaceOrientationLandscapeRight";
				INFOPLIST_KEY_UISupportedInterfaceOrientations_iPhone = "UIInterfaceOrientationPortrait UIInterfaceOrientationLandscapeLeft UIInterfaceOrientationLandscapeRight";
				LD_RUNPATH_SEARCH_PATHS = (
					"$(inherited)",
					"@executable_path/Frameworks",
				);
				MARKETING_VERSION = 1.0;
				PRODUCT_BUNDLE_IDENTIFIER = com.AlexJun.Note;
				PRODUCT_NAME = "$(TARGET_NAME)";
				SWIFT_EMIT_LOC_STRINGS = YES;
				SWIFT_VERSION = 5.0;
				TARGETED_DEVICE_FAMILY = "1,2";
			};
			name = Release;
		};
		0153EAB229809DF100F8401E /* Debug */ = {
			isa = XCBuildConfiguration;
			buildSettings = {
				ALWAYS_EMBED_SWIFT_STANDARD_LIBRARIES = YES;
				BUNDLE_LOADER = "$(TEST_HOST)";
				CODE_SIGN_STYLE = Automatic;
				CURRENT_PROJECT_VERSION = 1;
				DEVELOPMENT_TEAM = CJ768N4Q8T;
				GENERATE_INFOPLIST_FILE = YES;
				IPHONEOS_DEPLOYMENT_TARGET = 16.2;
				MARKETING_VERSION = 1.0;
				PRODUCT_BUNDLE_IDENTIFIER = com.AlexJun.NoteTests;
				PRODUCT_NAME = "$(TARGET_NAME)";
				SWIFT_EMIT_LOC_STRINGS = NO;
				SWIFT_VERSION = 5.0;
				TARGETED_DEVICE_FAMILY = "1,2";
				TEST_HOST = "$(BUILT_PRODUCTS_DIR)/Note.app/$(BUNDLE_EXECUTABLE_FOLDER_PATH)/Note";
			};
			name = Debug;
		};
		0153EAB329809DF100F8401E /* Release */ = {
			isa = XCBuildConfiguration;
			buildSettings = {
				ALWAYS_EMBED_SWIFT_STANDARD_LIBRARIES = YES;
				BUNDLE_LOADER = "$(TEST_HOST)";
				CODE_SIGN_STYLE = Automatic;
				CURRENT_PROJECT_VERSION = 1;
				DEVELOPMENT_TEAM = CJ768N4Q8T;
				GENERATE_INFOPLIST_FILE = YES;
				IPHONEOS_DEPLOYMENT_TARGET = 16.2;
				MARKETING_VERSION = 1.0;
				PRODUCT_BUNDLE_IDENTIFIER = com.AlexJun.NoteTests;
				PRODUCT_NAME = "$(TARGET_NAME)";
				SWIFT_EMIT_LOC_STRINGS = NO;
				SWIFT_VERSION = 5.0;
				TARGETED_DEVICE_FAMILY = "1,2";
				TEST_HOST = "$(BUILT_PRODUCTS_DIR)/Note.app/$(BUNDLE_EXECUTABLE_FOLDER_PATH)/Note";
			};
			name = Release;
		};
		0153EAB529809DF100F8401E /* Debug */ = {
			isa = XCBuildConfiguration;
			buildSettings = {
				ALWAYS_EMBED_SWIFT_STANDARD_LIBRARIES = YES;
				CODE_SIGN_STYLE = Automatic;
				CURRENT_PROJECT_VERSION = 1;
				DEVELOPMENT_TEAM = CJ768N4Q8T;
				GENERATE_INFOPLIST_FILE = YES;
				MARKETING_VERSION = 1.0;
				PRODUCT_BUNDLE_IDENTIFIER = com.AlexJun.NoteUITests;
				PRODUCT_NAME = "$(TARGET_NAME)";
				SWIFT_EMIT_LOC_STRINGS = NO;
				SWIFT_VERSION = 5.0;
				TARGETED_DEVICE_FAMILY = "1,2";
				TEST_TARGET_NAME = Note;
			};
			name = Debug;
		};
		0153EAB629809DF100F8401E /* Release */ = {
			isa = XCBuildConfiguration;
			buildSettings = {
				ALWAYS_EMBED_SWIFT_STANDARD_LIBRARIES = YES;
				CODE_SIGN_STYLE = Automatic;
				CURRENT_PROJECT_VERSION = 1;
				DEVELOPMENT_TEAM = CJ768N4Q8T;
				GENERATE_INFOPLIST_FILE = YES;
				MARKETING_VERSION = 1.0;
				PRODUCT_BUNDLE_IDENTIFIER = com.AlexJun.NoteUITests;
				PRODUCT_NAME = "$(TARGET_NAME)";
				SWIFT_EMIT_LOC_STRINGS = NO;
				SWIFT_VERSION = 5.0;
				TARGETED_DEVICE_FAMILY = "1,2";
				TEST_TARGET_NAME = Note;
			};
			name = Release;
		};
/* End XCBuildConfiguration section */

/* Begin XCConfigurationList section */
		0153EA7F29809DF000F8401E /* Build configuration list for PBXProject "Note" */ = {
			isa = XCConfigurationList;
			buildConfigurations = (
				0153EAAC29809DF100F8401E /* Debug */,
				0153EAAD29809DF100F8401E /* Release */,
			);
			defaultConfigurationIsVisible = 0;
			defaultConfigurationName = Release;
		};
		0153EAAE29809DF100F8401E /* Build configuration list for PBXNativeTarget "Note" */ = {
			isa = XCConfigurationList;
			buildConfigurations = (
				0153EAAF29809DF100F8401E /* Debug */,
				0153EAB029809DF100F8401E /* Release */,
			);
			defaultConfigurationIsVisible = 0;
			defaultConfigurationName = Release;
		};
		0153EAB129809DF100F8401E /* Build configuration list for PBXNativeTarget "NoteTests" */ = {
			isa = XCConfigurationList;
			buildConfigurations = (
				0153EAB229809DF100F8401E /* Debug */,
				0153EAB329809DF100F8401E /* Release */,
			);
			defaultConfigurationIsVisible = 0;
			defaultConfigurationName = Release;
		};
		0153EAB429809DF100F8401E /* Build configuration list for PBXNativeTarget "NoteUITests" */ = {
			isa = XCConfigurationList;
			buildConfigurations = (
				0153EAB529809DF100F8401E /* Debug */,
				0153EAB629809DF100F8401E /* Release */,
			);
			defaultConfigurationIsVisible = 0;
			defaultConfigurationName = Release;
		};
/* End XCConfigurationList section */
	};
	rootObject = 0153EA7C29809DF000F8401E /* Project object */;
}
